
Microsoft Visual Studio Solution File, Format Version 12.00
# Visual Studio Version 17
VisualStudioVersion = 17.9.34622.214
MinimumVisualStudioVersion = 10.0.40219.1
Project("{54A90642-561A-4BB1-A94E-469ADEE60C69}") = "TypeScript1", "TypeScript1\TypeScript1.esproj", "{67F96036-5785-47BF-B306-328AD224B257}"
EndProject
Global
	GlobalSection(SolutionConfigurationPlatforms) = preSolution
		Debug|Any CPU = Debug|Any CPU
		Release|Any CPU = Release|Any CPU
	EndGlobalSection
	GlobalSection(ProjectConfigurationPlatforms) = postSolution
		{67F96036-5785-47BF-B306-328AD224B257}.Debug|Any CPU.ActiveCfg = Debug|Any CPU
		{67F96036-5785-47BF-B306-328AD224B257}.Debug|Any CPU.Build.0 = Debug|Any CPU
		{67F96036-5785-47BF-B306-328AD224B257}.Debug|Any CPU.Deploy.0 = Debug|Any CPU
		{67F96036-5785-47BF-B306-328AD224B257}.Release|Any CPU.ActiveCfg = Release|Any CPU
		{67F96036-5785-47BF-B306-328AD224B257}.Release|Any CPU.Build.0 = Release|Any CPU
		{67F96036-5785-47BF-B306-328AD224B257}.Release|Any CPU.Deploy.0 = Release|Any CPU
	EndGlobalSection
	GlobalSection(SolutionProperties) = preSolution
		HideSolutionNode = FALSE
	EndGlobalSection
	GlobalSection(ExtensibilityGlobals) = postSolution
		SolutionGuid = {608B05A3-0317-46B1-BDD6-ABFC9F584B5A}
	EndGlobalSection
EndGlobal
